
Microsoft Visual Studio Solution File, Format Version 12.00
# Visual Studio Version 17
VisualStudioVersion = 17.5.33502.453
MinimumVisualStudioVersion = 10.0.40219.1
Project("{FAE04EC0-301F-11D3-BF4B-00C04F79EFBC}") = "30 12 2023 DERS 1 FORMLAR", "30 12 2023 DERS 1 FORMLAR.csproj", "{B80ED018-4547-4DE7-AF61-3B1248F0D0B3}"
EndProject
Global
	GlobalSection(SolutionConfigurationPlatforms) = preSolution
		Debug|Any CPU = Debug|Any CPU
		Release|Any CPU = Release|Any CPU
	EndGlobalSection
	GlobalSection(ProjectConfigurationPlatforms) = postSolution
		{B80ED018-4547-4DE7-AF61-3B1248F0D0B3}.Debug|Any CPU.ActiveCfg = Debug|Any CPU
		{B80ED018-4547-4DE7-AF61-3B1248F0D0B3}.Debug|Any CPU.Build.0 = Debug|Any CPU
		{B80ED018-4547-4DE7-AF61-3B1248F0D0B3}.Release|Any CPU.ActiveCfg = Release|Any CPU
		{B80ED018-4547-4DE7-AF61-3B1248F0D0B3}.Release|Any CPU.Build.0 = Release|Any CPU
	EndGlobalSection
	GlobalSection(SolutionProperties) = preSolution
		HideSolutionNode = FALSE
	EndGlobalSection
	GlobalSection(ExtensibilityGlobals) = postSolution
		SolutionGuid = {C0E89832-4945-4255-B9F9-7FC49851192E}
	EndGlobalSection
EndGlobal
