
Microsoft Visual Studio Solution File, Format Version 12.00
# Visual Studio Version 17
VisualStudioVersion = 17.5.33502.453
MinimumVisualStudioVersion = 10.0.40219.1
Project("{FAE04EC0-301F-11D3-BF4B-00C04F79EFBC}") = "30.07.2023", "30.07.2023.csproj", "{8007EDED-0BE3-42DB-AE0D-EF0E6860D5F9}"
EndProject
Global
	GlobalSection(SolutionConfigurationPlatforms) = preSolution
		Debug|Any CPU = Debug|Any CPU
		Release|Any CPU = Release|Any CPU
	EndGlobalSection
	GlobalSection(ProjectConfigurationPlatforms) = postSolution
		{8007EDED-0BE3-42DB-AE0D-EF0E6860D5F9}.Debug|Any CPU.ActiveCfg = Debug|Any CPU
		{8007EDED-0BE3-42DB-AE0D-EF0E6860D5F9}.Debug|Any CPU.Build.0 = Debug|Any CPU
		{8007EDED-0BE3-42DB-AE0D-EF0E6860D5F9}.Release|Any CPU.ActiveCfg = Release|Any CPU
		{8007EDED-0BE3-42DB-AE0D-EF0E6860D5F9}.Release|Any CPU.Build.0 = Release|Any CPU
	EndGlobalSection
	GlobalSection(SolutionProperties) = preSolution
		HideSolutionNode = FALSE
	EndGlobalSection
	GlobalSection(ExtensibilityGlobals) = postSolution
		SolutionGuid = {F98BB694-621D-4626-8512-1286CBAE8286}
	EndGlobalSection
EndGlobal
