
Microsoft Visual Studio Solution File, Format Version 12.00
# Visual Studio Version 17
VisualStudioVersion = 17.5.33502.453
MinimumVisualStudioVersion = 10.0.40219.1
Project("{FAE04EC0-301F-11D3-BF4B-00C04F79EFBC}") = "05.09.2023  çok boyutlu array", "05.09.2023  çok boyutlu array.csproj", "{1EEAEB67-9CFA-4488-B232-69F88236ABB8}"
EndProject
Global
	GlobalSection(SolutionConfigurationPlatforms) = preSolution
		Debug|Any CPU = Debug|Any CPU
		Release|Any CPU = Release|Any CPU
	EndGlobalSection
	GlobalSection(ProjectConfigurationPlatforms) = postSolution
		{1EEAEB67-9CFA-4488-B232-69F88236ABB8}.Debug|Any CPU.ActiveCfg = Debug|Any CPU
		{1EEAEB67-9CFA-4488-B232-69F88236ABB8}.Debug|Any CPU.Build.0 = Debug|Any CPU
		{1EEAEB67-9CFA-4488-B232-69F88236ABB8}.Release|Any CPU.ActiveCfg = Release|Any CPU
		{1EEAEB67-9CFA-4488-B232-69F88236ABB8}.Release|Any CPU.Build.0 = Release|Any CPU
	EndGlobalSection
	GlobalSection(SolutionProperties) = preSolution
		HideSolutionNode = FALSE
	EndGlobalSection
	GlobalSection(ExtensibilityGlobals) = postSolution
		SolutionGuid = {0C3BE67D-63D0-43E3-A80B-1B6BCABD7FB3}
	EndGlobalSection
EndGlobal
